{
  "name": "sub3",
  "lockfileVersion": 2,
  "requires": true,
  "packages": {
    "": {
      "dependencies": {
        "jspreadsheet-pro": "^7.9.21"
      }
    },
    "node_modules/jspreadsheet-pro": {
      "version": "7.9.21",
      "resolved": "https://registry.npmjs.org/jspreadsheet-pro/-/jspreadsheet-pro-7.9.21.tgz",
      "integrity": "sha512-aUN2TrGfAB5OjvsfgpqttCRgFciE0qgTEWrDZfGXHuCEuquV7HLiEoz0vyeHAsdkyDV991GsyYvvctoZvngZ4w==",
      "dependencies": {
        "jsuites": "^4.7.1"
      }
    },
    "node_modules/jsuites": {
      "version": "4.7.4",
      "resolved": "https://registry.npmjs.org/jsuites/-/jsuites-4.7.4.tgz",
      "integrity": "sha512-O8SuddbczrK42Qn+KZ40Y10zV5thpHjtC/8XSGEP7WoTGeM2QGbPLXV0zlp1W/sGHQD9yH2kPe4EwCn1hASc8Q=="
    }
  },
  "dependencies": {
    "jspreadsheet-pro": {
      "version": "7.9.21",
      "resolved": "https://registry.npmjs.org/jspreadsheet-pro/-/jspreadsheet-pro-7.9.21.tgz",
      "integrity": "sha512-aUN2TrGfAB5OjvsfgpqttCRgFciE0qgTEWrDZfGXHuCEuquV7HLiEoz0vyeHAsdkyDV991GsyYvvctoZvngZ4w==",
      "requires": {
        "jsuites": "^4.7.1"
      }
    },
    "jsuites": {
      "version": "4.7.4",
      "resolved": "https://registry.npmjs.org/jsuites/-/jsuites-4.7.4.tgz",
      "integrity": "sha512-O8SuddbczrK42Qn+KZ40Y10zV5thpHjtC/8XSGEP7WoTGeM2QGbPLXV0zlp1W/sGHQD9yH2kPe4EwCn1hASc8Q=="
    }
  }
}
